
Microsoft Visual Studio Solution File, Format Version 12.00
# Visual Studio Version 17
VisualStudioVersion = 17.9.34616.47
MinimumVisualStudioVersion = 10.0.40219.1
Project("{2150E333-8FDC-42A3-9474-1A3956D46DE8}") = "CommonModules", "CommonModules", "{654A7EF0-F0D8-42E0-8E98-FEE40C819D9C}"
EndProject
Project("{2150E333-8FDC-42A3-9474-1A3956D46DE8}") = "Users", "Users", "{7B42F266-ED36-4094-BF5A-4538CA24760C}"
EndProject
Project("{2150E333-8FDC-42A3-9474-1A3956D46DE8}") = "Products", "Products", "{ED4E0CA8-97F6-4216-BDE6-1C50723A3638}"
EndProject
Project("{9A19103F-16F7-4668-BE54-9A1E7A4F7556}") = "Domain", "CommonModules\Domain\Domain.csproj", "{ED2534BE-A283-4BAB-9391-5CCD41482692}"
EndProject
Project("{9A19103F-16F7-4668-BE54-9A1E7A4F7556}") = "Persistence", "CommonModules\Persistence\Persistence.csproj", "{304BEFAD-A9A9-4CBC-A88B-6DC6E19C01AA}"
EndProject
Project("{9A19103F-16F7-4668-BE54-9A1E7A4F7556}") = "Application", "Products\Application\Application.csproj", "{EA9CD368-D700-407F-BBEB-CC8CE79CE798}"
EndProject
Project("{9A19103F-16F7-4668-BE54-9A1E7A4F7556}") = "ProductsApi", "Products\ProductsApi\ProductsApi.csproj", "{F0E3E4CE-561C-49AB-A9C2-DF49EF9AD750}"
EndProject
Project("{9A19103F-16F7-4668-BE54-9A1E7A4F7556}") = "UsersApi", "Users\UsersApi\UsersApi.csproj", "{D251CFC4-856E-4B89-B726-48579C722B3E}"
EndProject
Project("{9A19103F-16F7-4668-BE54-9A1E7A4F7556}") = "Application", "Users\Application\Application.csproj", "{7B6861F2-5F0B-421A-9C44-0F23BCB8A312}"
EndProject
Project("{9A19103F-16F7-4668-BE54-9A1E7A4F7556}") = "Infrastructure", "Products\Infrastructure\Infrastructure.csproj", "{729C12B3-A710-4195-BC54-C3976FD90BD6}"
EndProject
Project("{FAE04EC0-301F-11D3-BF4B-00C04F79EFBC}") = "Infrastructure", "Users\Infrastructure\Infrastructure.csproj", "{CD6799AF-3C38-440C-801D-026DECA5B856}"
EndProject
Global
	GlobalSection(SolutionConfigurationPlatforms) = preSolution
		Debug|Any CPU = Debug|Any CPU
		Release|Any CPU = Release|Any CPU
	EndGlobalSection
	GlobalSection(ProjectConfigurationPlatforms) = postSolution
		{ED2534BE-A283-4BAB-9391-5CCD41482692}.Debug|Any CPU.ActiveCfg = Debug|Any CPU
		{ED2534BE-A283-4BAB-9391-5CCD41482692}.Debug|Any CPU.Build.0 = Debug|Any CPU
		{ED2534BE-A283-4BAB-9391-5CCD41482692}.Release|Any CPU.ActiveCfg = Release|Any CPU
		{ED2534BE-A283-4BAB-9391-5CCD41482692}.Release|Any CPU.Build.0 = Release|Any CPU
		{304BEFAD-A9A9-4CBC-A88B-6DC6E19C01AA}.Debug|Any CPU.ActiveCfg = Debug|Any CPU
		{304BEFAD-A9A9-4CBC-A88B-6DC6E19C01AA}.Debug|Any CPU.Build.0 = Debug|Any CPU
		{304BEFAD-A9A9-4CBC-A88B-6DC6E19C01AA}.Release|Any CPU.ActiveCfg = Release|Any CPU
		{304BEFAD-A9A9-4CBC-A88B-6DC6E19C01AA}.Release|Any CPU.Build.0 = Release|Any CPU
		{EA9CD368-D700-407F-BBEB-CC8CE79CE798}.Debug|Any CPU.ActiveCfg = Debug|Any CPU
		{EA9CD368-D700-407F-BBEB-CC8CE79CE798}.Debug|Any CPU.Build.0 = Debug|Any CPU
		{EA9CD368-D700-407F-BBEB-CC8CE79CE798}.Release|Any CPU.ActiveCfg = Release|Any CPU
		{EA9CD368-D700-407F-BBEB-CC8CE79CE798}.Release|Any CPU.Build.0 = Release|Any CPU
		{F0E3E4CE-561C-49AB-A9C2-DF49EF9AD750}.Debug|Any CPU.ActiveCfg = Debug|Any CPU
		{F0E3E4CE-561C-49AB-A9C2-DF49EF9AD750}.Debug|Any CPU.Build.0 = Debug|Any CPU
		{F0E3E4CE-561C-49AB-A9C2-DF49EF9AD750}.Release|Any CPU.ActiveCfg = Release|Any CPU
		{F0E3E4CE-561C-49AB-A9C2-DF49EF9AD750}.Release|Any CPU.Build.0 = Release|Any CPU
		{D251CFC4-856E-4B89-B726-48579C722B3E}.Debug|Any CPU.ActiveCfg = Debug|Any CPU
		{D251CFC4-856E-4B89-B726-48579C722B3E}.Debug|Any CPU.Build.0 = Debug|Any CPU
		{D251CFC4-856E-4B89-B726-48579C722B3E}.Release|Any CPU.ActiveCfg = Release|Any CPU
		{D251CFC4-856E-4B89-B726-48579C722B3E}.Release|Any CPU.Build.0 = Release|Any CPU
		{7B6861F2-5F0B-421A-9C44-0F23BCB8A312}.Debug|Any CPU.ActiveCfg = Debug|Any CPU
		{7B6861F2-5F0B-421A-9C44-0F23BCB8A312}.Debug|Any CPU.Build.0 = Debug|Any CPU
		{7B6861F2-5F0B-421A-9C44-0F23BCB8A312}.Release|Any CPU.ActiveCfg = Release|Any CPU
		{7B6861F2-5F0B-421A-9C44-0F23BCB8A312}.Release|Any CPU.Build.0 = Release|Any CPU
		{729C12B3-A710-4195-BC54-C3976FD90BD6}.Debug|Any CPU.ActiveCfg = Debug|Any CPU
		{729C12B3-A710-4195-BC54-C3976FD90BD6}.Debug|Any CPU.Build.0 = Debug|Any CPU
		{729C12B3-A710-4195-BC54-C3976FD90BD6}.Release|Any CPU.ActiveCfg = Release|Any CPU
		{729C12B3-A710-4195-BC54-C3976FD90BD6}.Release|Any CPU.Build.0 = Release|Any CPU
		{CD6799AF-3C38-440C-801D-026DECA5B856}.Debug|Any CPU.ActiveCfg = Debug|Any CPU
		{CD6799AF-3C38-440C-801D-026DECA5B856}.Debug|Any CPU.Build.0 = Debug|Any CPU
		{CD6799AF-3C38-440C-801D-026DECA5B856}.Release|Any CPU.ActiveCfg = Release|Any CPU
		{CD6799AF-3C38-440C-801D-026DECA5B856}.Release|Any CPU.Build.0 = Release|Any CPU
	EndGlobalSection
	GlobalSection(SolutionProperties) = preSolution
		HideSolutionNode = FALSE
	EndGlobalSection
	GlobalSection(NestedProjects) = preSolution
		{ED2534BE-A283-4BAB-9391-5CCD41482692} = {654A7EF0-F0D8-42E0-8E98-FEE40C819D9C}
		{304BEFAD-A9A9-4CBC-A88B-6DC6E19C01AA} = {654A7EF0-F0D8-42E0-8E98-FEE40C819D9C}
		{EA9CD368-D700-407F-BBEB-CC8CE79CE798} = {ED4E0CA8-97F6-4216-BDE6-1C50723A3638}
		{F0E3E4CE-561C-49AB-A9C2-DF49EF9AD750} = {ED4E0CA8-97F6-4216-BDE6-1C50723A3638}
		{D251CFC4-856E-4B89-B726-48579C722B3E} = {7B42F266-ED36-4094-BF5A-4538CA24760C}
		{7B6861F2-5F0B-421A-9C44-0F23BCB8A312} = {7B42F266-ED36-4094-BF5A-4538CA24760C}
		{729C12B3-A710-4195-BC54-C3976FD90BD6} = {ED4E0CA8-97F6-4216-BDE6-1C50723A3638}
		{CD6799AF-3C38-440C-801D-026DECA5B856} = {7B42F266-ED36-4094-BF5A-4538CA24760C}
	EndGlobalSection
	GlobalSection(ExtensibilityGlobals) = postSolution
		SolutionGuid = {EB0649B8-50BE-4F71-89D9-C1242D338454}
	EndGlobalSection
EndGlobal
